
Microsoft Visual Studio Solution File, Format Version 12.00
# Visual Studio Version 16
VisualStudioVersion = 16.0.30717.126
MinimumVisualStudioVersion = 10.0.40219.1
Project("{FAE04EC0-301F-11D3-BF4B-00C04F79EFBC}") = "FirstMVCcoreWebApp", "FirstMVCcoreWebApp\FirstMVCcoreWebApp.csproj", "{9EB04708-BC0A-4CDF-A820-F073E4C160D6}"
EndProject
Project("{FAE04EC0-301F-11D3-BF4B-00C04F79EFBC}") = "FirstConsoleApp", "FirstConsoleApp\FirstConsoleApp.csproj", "{05C8D4AF-A217-4C93-BF91-B66E8EAB1495}"
EndProject
Global
	GlobalSection(SolutionConfigurationPlatforms) = preSolution
		Debug|Any CPU = Debug|Any CPU
		Release|Any CPU = Release|Any CPU
	EndGlobalSection
	GlobalSection(ProjectConfigurationPlatforms) = postSolution
		{9EB04708-BC0A-4CDF-A820-F073E4C160D6}.Debug|Any CPU.ActiveCfg = Debug|Any CPU
		{9EB04708-BC0A-4CDF-A820-F073E4C160D6}.Debug|Any CPU.Build.0 = Debug|Any CPU
		{9EB04708-BC0A-4CDF-A820-F073E4C160D6}.Release|Any CPU.ActiveCfg = Release|Any CPU
		{9EB04708-BC0A-4CDF-A820-F073E4C160D6}.Release|Any CPU.Build.0 = Release|Any CPU
		{05C8D4AF-A217-4C93-BF91-B66E8EAB1495}.Debug|Any CPU.ActiveCfg = Debug|Any CPU
		{05C8D4AF-A217-4C93-BF91-B66E8EAB1495}.Debug|Any CPU.Build.0 = Debug|Any CPU
		{05C8D4AF-A217-4C93-BF91-B66E8EAB1495}.Release|Any CPU.ActiveCfg = Release|Any CPU
		{05C8D4AF-A217-4C93-BF91-B66E8EAB1495}.Release|Any CPU.Build.0 = Release|Any CPU
	EndGlobalSection
	GlobalSection(SolutionProperties) = preSolution
		HideSolutionNode = FALSE
	EndGlobalSection
	GlobalSection(ExtensibilityGlobals) = postSolution
		SolutionGuid = {907586B8-E43C-44DB-ABFC-9B14035D285F}
	EndGlobalSection
EndGlobal
